
Microsoft Visual Studio Solution File, Format Version 12.00
# Visual Studio Version 17
VisualStudioVersion = 17.13.35919.96 d17.13
MinimumVisualStudioVersion = 10.0.40219.1
Project("{FAE04EC0-301F-11D3-BF4B-00C04F79EFBC}") = "TrackerLibrary", "TrackerLibrary\TrackerLibrary.csproj", "{091689E7-ED4E-4D33-9D53-89A31E9BFE88}"
EndProject
Global
	GlobalSection(SolutionConfigurationPlatforms) = preSolution
		Debug|Any CPU = Debug|Any CPU
		Release|Any CPU = Release|Any CPU
	EndGlobalSection
	GlobalSection(ProjectConfigurationPlatforms) = postSolution
		{091689E7-ED4E-4D33-9D53-89A31E9BFE88}.Debug|Any CPU.ActiveCfg = Debug|Any CPU
		{091689E7-ED4E-4D33-9D53-89A31E9BFE88}.Debug|Any CPU.Build.0 = Debug|Any CPU
		{091689E7-ED4E-4D33-9D53-89A31E9BFE88}.Release|Any CPU.ActiveCfg = Release|Any CPU
		{091689E7-ED4E-4D33-9D53-89A31E9BFE88}.Release|Any CPU.Build.0 = Release|Any CPU
	EndGlobalSection
	GlobalSection(SolutionProperties) = preSolution
		HideSolutionNode = FALSE
	EndGlobalSection
	GlobalSection(ExtensibilityGlobals) = postSolution
		SolutionGuid = {9F5F9CAC-6677-4419-8705-F6686FF6DA0D}
	EndGlobalSection
EndGlobal
